
Microsoft Visual Studio Solution File, Format Version 12.00
# Visual Studio Version 17
VisualStudioVersion = 17.9.34607.119
MinimumVisualStudioVersion = 10.0.40219.1
Project("{FAE04EC0-301F-11D3-BF4B-00C04F79EFBC}") = "DesignPatternsPU", "DesignPatternsPU.csproj", "{2AF1142F-3432-411E-BE85-8080471B5379}"
EndProject
Global
	GlobalSection(SolutionConfigurationPlatforms) = preSolution
		Debug|Any CPU = Debug|Any CPU
		Release|Any CPU = Release|Any CPU
	EndGlobalSection
	GlobalSection(ProjectConfigurationPlatforms) = postSolution
		{2AF1142F-3432-411E-BE85-8080471B5379}.Debug|Any CPU.ActiveCfg = Debug|Any CPU
		{2AF1142F-3432-411E-BE85-8080471B5379}.Debug|Any CPU.Build.0 = Debug|Any CPU
		{2AF1142F-3432-411E-BE85-8080471B5379}.Release|Any CPU.ActiveCfg = Release|Any CPU
		{2AF1142F-3432-411E-BE85-8080471B5379}.Release|Any CPU.Build.0 = Release|Any CPU
	EndGlobalSection
	GlobalSection(SolutionProperties) = preSolution
		HideSolutionNode = FALSE
	EndGlobalSection
	GlobalSection(ExtensibilityGlobals) = postSolution
		SolutionGuid = {57BE8056-59A0-456B-A542-7B6ABDA45092}
	EndGlobalSection
EndGlobal
